
Microsoft Visual Studio Solution File, Format Version 12.00
# Visual Studio Version 17
VisualStudioVersion = 17.2.32616.157
MinimumVisualStudioVersion = 10.0.40219.1
Project("{FAE04EC0-301F-11D3-BF4B-00C04F79EFBC}") = "scratch", "scratch\scratch.csproj", "{1CCE39DE-46FB-497B-A5B7-FF07AAD6D186}"
EndProject
Project("{9A19103F-16F7-4668-BE54-9A1E7A4F7556}") = "Cyotek.Data.Ini", "src\Cyotek.Data.Ini.csproj", "{5AD901AF-E5EF-4C40-AF3F-85E187CE5746}"
EndProject
Project("{9A19103F-16F7-4668-BE54-9A1E7A4F7556}") = "Cyotek.Data.Ini.Tests", "tests\Cyotek.Data.Ini.Tests.csproj", "{ACD4872F-CB20-4BEF-AD56-EDB5CB78801A}"
EndProject
Project("{2150E333-8FDC-42A3-9474-1A3956D46DE8}") = "Solution Items", "Solution Items", "{410351D6-CAFD-4918-ABA0-A44840762383}"
	ProjectSection(SolutionItems) = preProject
		Directory.Build.props = Directory.Build.props
		LICENSE.txt = LICENSE.txt
	EndProjectSection
EndProject
Global
	GlobalSection(SolutionConfigurationPlatforms) = preSolution
		Debug|Any CPU = Debug|Any CPU
		Release|Any CPU = Release|Any CPU
	EndGlobalSection
	GlobalSection(ProjectConfigurationPlatforms) = postSolution
		{5AD901AF-E5EF-4C40-AF3F-85E187CE5746}.Debug|Any CPU.ActiveCfg = Debug|Any CPU
		{5AD901AF-E5EF-4C40-AF3F-85E187CE5746}.Debug|Any CPU.Build.0 = Debug|Any CPU
		{5AD901AF-E5EF-4C40-AF3F-85E187CE5746}.Release|Any CPU.ActiveCfg = Release|Any CPU
		{5AD901AF-E5EF-4C40-AF3F-85E187CE5746}.Release|Any CPU.Build.0 = Release|Any CPU
		{ACD4872F-CB20-4BEF-AD56-EDB5CB78801A}.Debug|Any CPU.ActiveCfg = Debug|Any CPU
		{ACD4872F-CB20-4BEF-AD56-EDB5CB78801A}.Debug|Any CPU.Build.0 = Debug|Any CPU
		{ACD4872F-CB20-4BEF-AD56-EDB5CB78801A}.Release|Any CPU.ActiveCfg = Release|Any CPU
		{ACD4872F-CB20-4BEF-AD56-EDB5CB78801A}.Release|Any CPU.Build.0 = Release|Any CPU
		{1CCE39DE-46FB-497B-A5B7-FF07AAD6D186}.Debug|Any CPU.ActiveCfg = Debug|Any CPU
		{1CCE39DE-46FB-497B-A5B7-FF07AAD6D186}.Debug|Any CPU.Build.0 = Debug|Any CPU
		{1CCE39DE-46FB-497B-A5B7-FF07AAD6D186}.Release|Any CPU.ActiveCfg = Release|Any CPU
		{1CCE39DE-46FB-497B-A5B7-FF07AAD6D186}.Release|Any CPU.Build.0 = Release|Any CPU
	EndGlobalSection
	GlobalSection(SolutionProperties) = preSolution
		HideSolutionNode = FALSE
	EndGlobalSection
	GlobalSection(ExtensibilityGlobals) = postSolution
		SolutionGuid = {433A25AF-966D-499A-A09E-3D8DECAB2539}
	EndGlobalSection
EndGlobal
